{
  "nodes": {
    "root": {
      "inputs": {
        "stable": "stable"
      }
    },
    "stable": {
      "locked": {
        "lastModified": 1613772719,
        "narHash": "sha256-jZ6KiCOaDOZJHMDFnBO1fHPrDqDUmOkihPWXavyGa98=",
        "owner": "NixOS",
        "repo": "nixpkgs",
        "rev": "38eaa62f28384bc5f6c394e2a99bd6a4913fc71f",
        "type": "github"
      },
      "original": {
        "owner": "NixOS",
        "ref": "nixos-20.09",
        "repo": "nixpkgs",
        "type": "github"
      }
    }
  },
  "root": "root",
  "version": 7
}
