{
  "nodes": {
    "root": {
      "inputs": {
        "stable": "stable",
        "unstable": "unstable"
      }
    },
    "stable": {
      "locked": {
        "lastModified": 1608136118,
        "narHash": "sha256-yvnnBQrVsrWkRAEZDM3LiAVPSKBgk9ZgiSaa6NYmJX4=",
        "owner": "NixOS",
        "repo": "nixpkgs",
        "rev": "929768261a3ede470eafb58d5b819e1a848aa8bf",
        "type": "github"
      },
      "original": {
        "owner": "NixOS",
        "ref": "nixos-20.03",
        "repo": "nixpkgs",
        "type": "github"
      }
    },
    "unstable": {
      "locked": {
        "lastModified": 1613761605,
        "narHash": "sha256-lUF6UPR96ZzQC0faNXBHLoLhNAdxZqYqDwz0PaIZ/7Y=",
        "owner": "NixOS",
        "repo": "nixpkgs",
        "rev": "9816b99e71c3504b0b4c1f8b2e004148460029d4",
        "type": "github"
      },
      "original": {
        "owner": "NixOS",
        "ref": "nixos-unstable",
        "repo": "nixpkgs",
        "type": "github"
      }
    }
  },
  "root": "root",
  "version": 7
}
